// !$*UTF8*$!
{
	archiveVersion = 1;
	classes = {
	};
	objectVersion = 55;
	objects = {

/* Begin PBXBuildFile section */
		F880731F285222A8001614C7 /* Tests_iOS.swift in Sources */ = {isa = PBXBuildFile; fileRef = F880731E285222A8001614C7 /* Tests_iOS.swift */; };
		F8807321285222A8001614C7 /* Tests_iOSLaunchTests.swift in Sources */ = {isa = PBXBuildFile; fileRef = F8807320285222A8001614C7 /* Tests_iOSLaunchTests.swift */; };
		F880732B285222A8001614C7 /* Tests_macOS.swift in Sources */ = {isa = PBXBuildFile; fileRef = F880732A285222A8001614C7 /* Tests_macOS.swift */; };
		F880732D285222A8001614C7 /* Tests_macOSLaunchTests.swift in Sources */ = {isa = PBXBuildFile; fileRef = F880732C285222A8001614C7 /* Tests_macOSLaunchTests.swift */; };
		F880732E285222A8001614C7 /* Cupcake_CornerApp.swift in Sources */ = {isa = PBXBuildFile; fileRef = F8807306285222A6001614C7 /* Cupcake_CornerApp.swift */; };
		F880732F285222A8001614C7 /* Cupcake_CornerApp.swift in Sources */ = {isa = PBXBuildFile; fileRef = F8807306285222A6001614C7 /* Cupcake_CornerApp.swift */; };
		F8807330285222A8001614C7 /* ContentView.swift in Sources */ = {isa = PBXBuildFile; fileRef = F8807307285222A6001614C7 /* ContentView.swift */; };
		F8807331285222A8001614C7 /* ContentView.swift in Sources */ = {isa = PBXBuildFile; fileRef = F8807307285222A6001614C7 /* ContentView.swift */; };
		F8807332285222A8001614C7 /* Assets.xcassets in Resources */ = {isa = PBXBuildFile; fileRef = F8807308285222A8001614C7 /* Assets.xcassets */; };
		F8807333285222A8001614C7 /* Assets.xcassets in Resources */ = {isa = PBXBuildFile; fileRef = F8807308285222A8001614C7 /* Assets.xcassets */; };
/* End PBXBuildFile section */

/* Begin PBXContainerItemProxy section */
		F880731B285222A8001614C7 /* PBXContainerItemProxy */ = {
			isa = PBXContainerItemProxy;
			containerPortal = F8807301285222A5001614C7 /* Project object */;
			proxyType = 1;
			remoteGlobalIDString = F880730C285222A8001614C7;
			remoteInfo = "Cupcake Corner (iOS)";
		};
		F8807327285222A8001614C7 /* PBXContainerItemProxy */ = {
			isa = PBXContainerItemProxy;
			containerPortal = F8807301285222A5001614C7 /* Project object */;
			proxyType = 1;
			remoteGlobalIDString = F8807312285222A8001614C7;
			remoteInfo = "Cupcake Corner (macOS)";
		};
/* End PBXContainerItemProxy section */

/* Begin PBXFileReference section */
		F8807306285222A6001614C7 /* Cupcake_CornerApp.swift */ = {isa = PBXFileReference; lastKnownFileType = sourcecode.swift; path = Cupcake_CornerApp.swift; sourceTree = "<group>"; };
		F8807307285222A6001614C7 /* ContentView.swift */ = {isa = PBXFileReference; lastKnownFileType = sourcecode.swift; path = ContentView.swift; sourceTree = "<group>"; };
		F8807308285222A8001614C7 /* Assets.xcassets */ = {isa = PBXFileReference; lastKnownFileType = folder.assetcatalog; path = Assets.xcassets; sourceTree = "<group>"; };
		F880730D285222A8001614C7 /* Cupcake Corner.app */ = {isa = PBXFileReference; explicitFileType = wrapper.application; includeInIndex = 0; path = "Cupcake Corner.app"; sourceTree = BUILT_PRODUCTS_DIR; };
		F8807313285222A8001614C7 /* Cupcake Corner.app */ = {isa = PBXFileReference; explicitFileType = wrapper.application; includeInIndex = 0; path = "Cupcake Corner.app"; sourceTree = BUILT_PRODUCTS_DIR; };
		F8807315285222A8001614C7 /* macOS.entitlements */ = {isa = PBXFileReference; lastKnownFileType = text.plist.entitlements; path = macOS.entitlements; sourceTree = "<group>"; };
		F880731A285222A8001614C7 /* Tests iOS.xctest */ = {isa = PBXFileReference; explicitFileType = wrapper.cfbundle; includeInIndex = 0; path = "Tests iOS.xctest"; sourceTree = BUILT_PRODUCTS_DIR; };
		F880731E285222A8001614C7 /* Tests_iOS.swift */ = {isa = PBXFileReference; lastKnownFileType = sourcecode.swift; path = Tests_iOS.swift; sourceTree = "<group>"; };
		F8807320285222A8001614C7 /* Tests_iOSLaunchTests.swift */ = {isa = PBXFileReference; lastKnownFileType = sourcecode.swift; path = Tests_iOSLaunchTests.swift; sourceTree = "<group>"; };
		F8807326285222A8001614C7 /* Tests macOS.xctest */ = {isa = PBXFileReference; explicitFileType = wrapper.cfbundle; includeInIndex = 0; path = "Tests macOS.xctest"; sourceTree = BUILT_PRODUCTS_DIR; };
		F880732A285222A8001614C7 /* Tests_macOS.swift */ = {isa = PBXFileReference; lastKnownFileType = sourcecode.swift; path = Tests_macOS.swift; sourceTree = "<group>"; };
		F880732C285222A8001614C7 /* Tests_macOSLaunchTests.swift */ = {isa = PBXFileReference; lastKnownFileType = sourcecode.swift; path = Tests_macOSLaunchTests.swift; sourceTree = "<group>"; };
/* End PBXFileReference section */

/* Begin PBXFrameworksBuildPhase section */
		F880730A285222A8001614C7 /* Frameworks */ = {
			isa = PBXFrameworksBuildPhase;
			buildActionMask = 2147483647;
			files = (
			);
			runOnlyForDeploymentPostprocessing = 0;
		};
		F8807310285222A8001614C7 /* Frameworks */ = {
			isa = PBXFrameworksBuildPhase;
			buildActionMask = 2147483647;
			files = (
			);
			runOnlyForDeploymentPostprocessing = 0;
		};
		F8807317285222A8001614C7 /* Frameworks */ = {
			isa = PBXFrameworksBuildPhase;
			buildActionMask = 2147483647;
			files = (
			);
			runOnlyForDeploymentPostprocessing = 0;
		};
		F8807323285222A8001614C7 /* Frameworks */ = {
			isa = PBXFrameworksBuildPhase;
			buildActionMask = 2147483647;
			files = (
			);
			runOnlyForDeploymentPostprocessing = 0;
		};
/* End PBXFrameworksBuildPhase section */

/* Begin PBXGroup section */
		F8807300285222A5001614C7 = {
			isa = PBXGroup;
			children = (
				F8807305285222A6001614C7 /* Shared */,
				F8807314285222A8001614C7 /* macOS */,
				F880731D285222A8001614C7 /* Tests iOS */,
				F8807329285222A8001614C7 /* Tests macOS */,
				F880730E285222A8001614C7 /* Products */,
			);
			sourceTree = "<group>";
		};
		F8807305285222A6001614C7 /* Shared */ = {
			isa = PBXGroup;
			children = (
				F8807306285222A6001614C7 /* Cupcake_CornerApp.swift */,
				F8807307285222A6001614C7 /* ContentView.swift */,
				F8807308285222A8001614C7 /* Assets.xcassets */,
			);
			path = Shared;
			sourceTree = "<group>";
		};
		F880730E285222A8001614C7 /* Products */ = {
			isa = PBXGroup;
			children = (
				F880730D285222A8001614C7 /* Cupcake Corner.app */,
				F8807313285222A8001614C7 /* Cupcake Corner.app */,
				F880731A285222A8001614C7 /* Tests iOS.xctest */,
				F8807326285222A8001614C7 /* Tests macOS.xctest */,
			);
			name = Products;
			sourceTree = "<group>";
		};
		F8807314285222A8001614C7 /* macOS */ = {
			isa = PBXGroup;
			children = (
				F8807315285222A8001614C7 /* macOS.entitlements */,
			);
			path = macOS;
			sourceTree = "<group>";
		};
		F880731D285222A8001614C7 /* Tests iOS */ = {
			isa = PBXGroup;
			children = (
				F880731E285222A8001614C7 /* Tests_iOS.swift */,
				F8807320285222A8001614C7 /* Tests_iOSLaunchTests.swift */,
			);
			path = "Tests iOS";
			sourceTree = "<group>";
		};
		F8807329285222A8001614C7 /* Tests macOS */ = {
			isa = PBXGroup;
			children = (
				F880732A285222A8001614C7 /* Tests_macOS.swift */,
				F880732C285222A8001614C7 /* Tests_macOSLaunchTests.swift */,
			);
			path = "Tests macOS";
			sourceTree = "<group>";
		};
/* End PBXGroup section */

/* Begin PBXNativeTarget section */
		F880730C285222A8001614C7 /* Cupcake Corner (iOS) */ = {
			isa = PBXNativeTarget;
			buildConfigurationList = F8807336285222A8001614C7 /* Build configuration list for PBXNativeTarget "Cupcake Corner (iOS)" */;
			buildPhases = (
				F8807309285222A8001614C7 /* Sources */,
				F880730A285222A8001614C7 /* Frameworks */,
				F880730B285222A8001614C7 /* Resources */,
			);
			buildRules = (
			);
			dependencies = (
			);
			name = "Cupcake Corner (iOS)";
			productName = "Cupcake Corner (iOS)";
			productReference = F880730D285222A8001614C7 /* Cupcake Corner.app */;
			productType = "com.apple.product-type.application";
		};
		F8807312285222A8001614C7 /* Cupcake Corner (macOS) */ = {
			isa = PBXNativeTarget;
			buildConfigurationList = F8807339285222A8001614C7 /* Build configuration list for PBXNativeTarget "Cupcake Corner (macOS)" */;
			buildPhases = (
				F880730F285222A8001614C7 /* Sources */,
				F8807310285222A8001614C7 /* Frameworks */,
				F8807311285222A8001614C7 /* Resources */,
			);
			buildRules = (
			);
			dependencies = (
			);
			name = "Cupcake Corner (macOS)";
			productName = "Cupcake Corner (macOS)";
			productReference = F8807313285222A8001614C7 /* Cupcake Corner.app */;
			productType = "com.apple.product-type.application";
		};
		F8807319285222A8001614C7 /* Tests iOS */ = {
			isa = PBXNativeTarget;
			buildConfigurationList = F880733C285222A8001614C7 /* Build configuration list for PBXNativeTarget "Tests iOS" */;
			buildPhases = (
				F8807316285222A8001614C7 /* Sources */,
				F8807317285222A8001614C7 /* Frameworks */,
				F8807318285222A8001614C7 /* Resources */,
			);
			buildRules = (
			);
			dependencies = (
				F880731C285222A8001614C7 /* PBXTargetDependency */,
			);
			name = "Tests iOS";
			productName = "Tests iOS";
			productReference = F880731A285222A8001614C7 /* Tests iOS.xctest */;
			productType = "com.apple.product-type.bundle.ui-testing";
		};
		F8807325285222A8001614C7 /* Tests macOS */ = {
			isa = PBXNativeTarget;
			buildConfigurationList = F880733F285222A8001614C7 /* Build configuration list for PBXNativeTarget "Tests macOS" */;
			buildPhases = (
				F8807322285222A8001614C7 /* Sources */,
				F8807323285222A8001614C7 /* Frameworks */,
				F8807324285222A8001614C7 /* Resources */,
			);
			buildRules = (
			);
			dependencies = (
				F8807328285222A8001614C7 /* PBXTargetDependency */,
			);
			name = "Tests macOS";
			productName = "Tests macOS";
			productReference = F8807326285222A8001614C7 /* Tests macOS.xctest */;
			productType = "com.apple.product-type.bundle.ui-testing";
		};
/* End PBXNativeTarget section */

/* Begin PBXProject section */
		F8807301285222A5001614C7 /* Project object */ = {
			isa = PBXProject;
			attributes = {
				BuildIndependentTargetsInParallel = 1;
				LastSwiftUpdateCheck = 1330;
				LastUpgradeCheck = 1330;
				TargetAttributes = {
					F880730C285222A8001614C7 = {
						CreatedOnToolsVersion = 13.3.1;
					};
					F8807312285222A8001614C7 = {
						CreatedOnToolsVersion = 13.3.1;
					};
					F8807319285222A8001614C7 = {
						CreatedOnToolsVersion = 13.3.1;
						TestTargetID = F880730C285222A8001614C7;
					};
					F8807325285222A8001614C7 = {
						CreatedOnToolsVersion = 13.3.1;
						TestTargetID = F8807312285222A8001614C7;
					};
				};
			};
			buildConfigurationList = F8807304285222A5001614C7 /* Build configuration list for PBXProject "Cupcake Corner" */;
			compatibilityVersion = "Xcode 13.0";
			developmentRegion = en;
			hasScannedForEncodings = 0;
			knownRegions = (
				en,
				Base,
			);
			mainGroup = F8807300285222A5001614C7;
			productRefGroup = F880730E285222A8001614C7 /* Products */;
			projectDirPath = "";
			projectRoot = "";
			targets = (
				F880730C285222A8001614C7 /* Cupcake Corner (iOS) */,
				F8807312285222A8001614C7 /* Cupcake Corner (macOS) */,
				F8807319285222A8001614C7 /* Tests iOS */,
				F8807325285222A8001614C7 /* Tests macOS */,
			);
		};
/* End PBXProject section */

/* Begin PBXResourcesBuildPhase section */
		F880730B285222A8001614C7 /* Resources */ = {
			isa = PBXResourcesBuildPhase;
			buildActionMask = 2147483647;
			files = (
				F8807332285222A8001614C7 /* Assets.xcassets in Resources */,
			);
			runOnlyForDeploymentPostprocessing = 0;
		};
		F8807311285222A8001614C7 /* Resources */ = {
			isa = PBXResourcesBuildPhase;
			buildActionMask = 2147483647;
			files = (
				F8807333285222A8001614C7 /* Assets.xcassets in Resources */,
			);
			runOnlyForDeploymentPostprocessing = 0;
		};
		F8807318285222A8001614C7 /* Resources */ = {
			isa = PBXResourcesBuildPhase;
			buildActionMask = 2147483647;
			files = (
			);
			runOnlyForDeploymentPostprocessing = 0;
		};
		F8807324285222A8001614C7 /* Resources */ = {
			isa = PBXResourcesBuildPhase;
			buildActionMask = 2147483647;
			files = (
			);
			runOnlyForDeploymentPostprocessing = 0;
		};
/* End PBXResourcesBuildPhase section */

/* Begin PBXSourcesBuildPhase section */
		F8807309285222A8001614C7 /* Sources */ = {
			isa = PBXSourcesBuildPhase;
			buildActionMask = 2147483647;
			files = (
				F8807330285222A8001614C7 /* ContentView.swift in Sources */,
				F880732E285222A8001614C7 /* Cupcake_CornerApp.swift in Sources */,
			);
			runOnlyForDeploymentPostprocessing = 0;
		};
		F880730F285222A8001614C7 /* Sources */ = {
			isa = PBXSourcesBuildPhase;
			buildActionMask = 2147483647;
			files = (
				F8807331285222A8001614C7 /* ContentView.swift in Sources */,
				F880732F285222A8001614C7 /* Cupcake_CornerApp.swift in Sources */,
			);
			runOnlyForDeploymentPostprocessing = 0;
		};
		F8807316285222A8001614C7 /* Sources */ = {
			isa = PBXSourcesBuildPhase;
			buildActionMask = 2147483647;
			files = (
				F8807321285222A8001614C7 /* Tests_iOSLaunchTests.swift in Sources */,
				F880731F285222A8001614C7 /* Tests_iOS.swift in Sources */,
			);
			runOnlyForDeploymentPostprocessing = 0;
		};
		F8807322285222A8001614C7 /* Sources */ = {
			isa = PBXSourcesBuildPhase;
			buildActionMask = 2147483647;
			files = (
				F880732D285222A8001614C7 /* Tests_macOSLaunchTests.swift in Sources */,
				F880732B285222A8001614C7 /* Tests_macOS.swift in Sources */,
			);
			runOnlyForDeploymentPostprocessing = 0;
		};
/* End PBXSourcesBuildPhase section */

/* Begin PBXTargetDependency section */
		F880731C285222A8001614C7 /* PBXTargetDependency */ = {
			isa = PBXTargetDependency;
			target = F880730C285222A8001614C7 /* Cupcake Corner (iOS) */;
			targetProxy = F880731B285222A8001614C7 /* PBXContainerItemProxy */;
		};
		F8807328285222A8001614C7 /* PBXTargetDependency */ = {
			isa = PBXTargetDependency;
			target = F8807312285222A8001614C7 /* Cupcake Corner (macOS) */;
			targetProxy = F8807327285222A8001614C7 /* PBXContainerItemProxy */;
		};
/* End PBXTargetDependency section */

/* Begin XCBuildConfiguration section */
		F8807334285222A8001614C7 /* Debug */ = {
			isa = XCBuildConfiguration;
			buildSettings = {
				ALWAYS_SEARCH_USER_PATHS = NO;
				CLANG_ANALYZER_NONNULL = YES;
				CLANG_ANALYZER_NUMBER_OBJECT_CONVERSION = YES_AGGRESSIVE;
				CLANG_CXX_LANGUAGE_STANDARD = "gnu++17";
				CLANG_ENABLE_MODULES = YES;
				CLANG_ENABLE_OBJC_ARC = YES;
				CLANG_ENABLE_OBJC_WEAK = YES;
				CLANG_WARN_BLOCK_CAPTURE_AUTORELEASING = YES;
				CLANG_WARN_BOOL_CONVERSION = YES;
				CLANG_WARN_COMMA = YES;
				CLANG_WARN_CONSTANT_CONVERSION = YES;
				CLANG_WARN_DEPRECATED_OBJC_IMPLEMENTATIONS = YES;
				CLANG_WARN_DIRECT_OBJC_ISA_USAGE = YES_ERROR;
				CLANG_WARN_DOCUMENTATION_COMMENTS = YES;
				CLANG_WARN_EMPTY_BODY = YES;
				CLANG_WARN_ENUM_CONVERSION = YES;
				CLANG_WARN_INFINITE_RECURSION = YES;
				CLANG_WARN_INT_CONVERSION = YES;
				CLANG_WARN_NON_LITERAL_NULL_CONVERSION = YES;
				CLANG_WARN_OBJC_IMPLICIT_RETAIN_SELF = YES;
				CLANG_WARN_OBJC_LITERAL_CONVERSION = YES;
				CLANG_WARN_OBJC_ROOT_CLASS = YES_ERROR;
				CLANG_WARN_QUOTED_INCLUDE_IN_FRAMEWORK_HEADER = YES;
				CLANG_WARN_RANGE_LOOP_ANALYSIS = YES;
				CLANG_WARN_STRICT_PROTOTYPES = YES;
				CLANG_WARN_SUSPICIOUS_MOVE = YES;
				CLANG_WARN_UNGUARDED_AVAILABILITY = YES_AGGRESSIVE;
				CLANG_WARN_UNREACHABLE_CODE = YES;
				CLANG_WARN__DUPLICATE_METHOD_MATCH = YES;
				COPY_PHASE_STRIP = NO;
				DEBUG_INFORMATION_FORMAT = dwarf;
				ENABLE_STRICT_OBJC_MSGSEND = YES;
				ENABLE_TESTABILITY = YES;
				GCC_C_LANGUAGE_STANDARD = gnu11;
				GCC_DYNAMIC_NO_PIC = NO;
				GCC_NO_COMMON_BLOCKS = YES;
				GCC_OPTIMIZATION_LEVEL = 0;
				GCC_PREPROCESSOR_DEFINITIONS = (
					"DEBUG=1",
					"$(inherited)",
				);
				GCC_WARN_64_TO_32_BIT_CONVERSION = YES;
				GCC_WARN_ABOUT_RETURN_TYPE = YES_ERROR;
				GCC_WARN_UNDECLARED_SELECTOR = YES;
				GCC_WARN_UNINITIALIZED_AUTOS = YES_AGGRESSIVE;
				GCC_WARN_UNUSED_FUNCTION = YES;
				GCC_WARN_UNUSED_VARIABLE = YES;
				MTL_ENABLE_DEBUG_INFO = INCLUDE_SOURCE;
				MTL_FAST_MATH = YES;
				ONLY_ACTIVE_ARCH = YES;
				SWIFT_ACTIVE_COMPILATION_CONDITIONS = DEBUG;
				SWIFT_OPTIMIZATION_LEVEL = "-Onone";
			};
			name = Debug;
		};
		F8807335285222A8001614C7 /* Release */ = {
			isa = XCBuildConfiguration;
			buildSettings = {
				ALWAYS_SEARCH_USER_PATHS = NO;
				CLANG_ANALYZER_NONNULL = YES;
				CLANG_ANALYZER_NUMBER_OBJECT_CONVERSION = YES_AGGRESSIVE;
				CLANG_CXX_LANGUAGE_STANDARD = "gnu++17";
				CLANG_ENABLE_MODULES = YES;
				CLANG_ENABLE_OBJC_ARC = YES;
				CLANG_ENABLE_OBJC_WEAK = YES;
				CLANG_WARN_BLOCK_CAPTURE_AUTORELEASING = YES;
				CLANG_WARN_BOOL_CONVERSION = YES;
				CLANG_WARN_COMMA = YES;
				CLANG_WARN_CONSTANT_CONVERSION = YES;
				CLANG_WARN_DEPRECATED_OBJC_IMPLEMENTATIONS = YES;
				CLANG_WARN_DIRECT_OBJC_ISA_USAGE = YES_ERROR;
				CLANG_WARN_DOCUMENTATION_COMMENTS = YES;
				CLANG_WARN_EMPTY_BODY = YES;
				CLANG_WARN_ENUM_CONVERSION = YES;
				CLANG_WARN_INFINITE_RECURSION = YES;
				CLANG_WARN_INT_CONVERSION = YES;
				CLANG_WARN_NON_LITERAL_NULL_CONVERSION = YES;
				CLANG_WARN_OBJC_IMPLICIT_RETAIN_SELF = YES;
				CLANG_WARN_OBJC_LITERAL_CONVERSION = YES;
				CLANG_WARN_OBJC_ROOT_CLASS = YES_ERROR;
				CLANG_WARN_QUOTED_INCLUDE_IN_FRAMEWORK_HEADER = YES;
				CLANG_WARN_RANGE_LOOP_ANALYSIS = YES;
				CLANG_WARN_STRICT_PROTOTYPES = YES;
				CLANG_WARN_SUSPICIOUS_MOVE = YES;
				CLANG_WARN_UNGUARDED_AVAILABILITY = YES_AGGRESSIVE;
				CLANG_WARN_UNREACHABLE_CODE = YES;
				CLANG_WARN__DUPLICATE_METHOD_MATCH = YES;
				COPY_PHASE_STRIP = NO;
				DEBUG_INFORMATION_FORMAT = "dwarf-with-dsym";
				ENABLE_NS_ASSERTIONS = NO;
				ENABLE_STRICT_OBJC_MSGSEND = YES;
				GCC_C_LANGUAGE_STANDARD = gnu11;
				GCC_NO_COMMON_BLOCKS = YES;
				GCC_WARN_64_TO_32_BIT_CONVERSION = YES;
				GCC_WARN_ABOUT_RETURN_TYPE = YES_ERROR;
				GCC_WARN_UNDECLARED_SELECTOR = YES;
				GCC_WARN_UNINITIALIZED_AUTOS = YES_AGGRESSIVE;
				GCC_WARN_UNUSED_FUNCTION = YES;
				GCC_WARN_UNUSED_VARIABLE = YES;
				MTL_ENABLE_DEBUG_INFO = NO;
				MTL_FAST_MATH = YES;
				SWIFT_COMPILATION_MODE = wholemodule;
				SWIFT_OPTIMIZATION_LEVEL = "-O";
			};
			name = Release;
		};
		F8807337285222A8001614C7 /* Debug */ = {
			isa = XCBuildConfiguration;
			buildSettings = {
				ASSETCATALOG_COMPILER_APPICON_NAME = AppIcon;
				ASSETCATALOG_COMPILER_GLOBAL_ACCENT_COLOR_NAME = AccentColor;
				CODE_SIGN_STYLE = Automatic;
				CURRENT_PROJECT_VERSION = 1;
				DEVELOPMENT_TEAM = C48T274BQ3;
				ENABLE_PREVIEWS = YES;
				GENERATE_INFOPLIST_FILE = YES;
				INFOPLIST_KEY_UIApplicationSceneManifest_Generation = YES;
				INFOPLIST_KEY_UIApplicationSupportsIndirectInputEvents = YES;
				INFOPLIST_KEY_UILaunchScreen_Generation = YES;
				INFOPLIST_KEY_UISupportedInterfaceOrientations_iPad = "UIInterfaceOrientationPortrait UIInterfaceOrientationPortraitUpsideDown UIInterfaceOrientationLandscapeLeft UIInterfaceOrientationLandscapeRight";
				INFOPLIST_KEY_UISupportedInterfaceOrientations_iPhone = "UIInterfaceOrientationPortrait UIInterfaceOrientationLandscapeLeft UIInterfaceOrientationLandscapeRight";
				IPHONEOS_DEPLOYMENT_TARGET = 15.4;
				LD_RUNPATH_SEARCH_PATHS = (
					"$(inherited)",
					"@executable_path/Frameworks",
				);
				MARKETING_VERSION = 1.0;
				PRODUCT_BUNDLE_IDENTIFIER = "cup.Cupcake-Corner";
				PRODUCT_NAME = "Cupcake Corner";
				SDKROOT = iphoneos;
				SWIFT_EMIT_LOC_STRINGS = YES;
				SWIFT_VERSION = 5.0;
				TARGETED_DEVICE_FAMILY = "1,2";
			};
			name = Debug;
		};
		F8807338285222A8001614C7 /* Release */ = {
			isa = XCBuildConfiguration;
			buildSettings = {
				ASSETCATALOG_COMPILER_APPICON_NAME = AppIcon;
				ASSETCATALOG_COMPILER_GLOBAL_ACCENT_COLOR_NAME = AccentColor;
				CODE_SIGN_STYLE = Automatic;
				CURRENT_PROJECT_VERSION = 1;
				DEVELOPMENT_TEAM = C48T274BQ3;
				ENABLE_PREVIEWS = YES;
				GENERATE_INFOPLIST_FILE = YES;
				INFOPLIST_KEY_UIApplicationSceneManifest_Generation = YES;
				INFOPLIST_KEY_UIApplicationSupportsIndirectInputEvents = YES;
				INFOPLIST_KEY_UILaunchScreen_Generation = YES;
				INFOPLIST_KEY_UISupportedInterfaceOrientations_iPad = "UIInterfaceOrientationPortrait UIInterfaceOrientationPortraitUpsideDown UIInterfaceOrientationLandscapeLeft UIInterfaceOrientationLandscapeRight";
				INFOPLIST_KEY_UISupportedInterfaceOrientations_iPhone = "UIInterfaceOrientationPortrait UIInterfaceOrientationLandscapeLeft UIInterfaceOrientationLandscapeRight";
				IPHONEOS_DEPLOYMENT_TARGET = 15.4;
				LD_RUNPATH_SEARCH_PATHS = (
					"$(inherited)",
					"@executable_path/Frameworks",
				);
				MARKETING_VERSION = 1.0;
				PRODUCT_BUNDLE_IDENTIFIER = "cup.Cupcake-Corner";
				PRODUCT_NAME = "Cupcake Corner";
				SDKROOT = iphoneos;
				SWIFT_EMIT_LOC_STRINGS = YES;
				SWIFT_VERSION = 5.0;
				TARGETED_DEVICE_FAMILY = "1,2";
				VALIDATE_PRODUCT = YES;
			};
			name = Release;
		};
		F880733A285222A8001614C7 /* Debug */ = {
			isa = XCBuildConfiguration;
			buildSettings = {
				ASSETCATALOG_COMPILER_APPICON_NAME = AppIcon;
				ASSETCATALOG_COMPILER_GLOBAL_ACCENT_COLOR_NAME = AccentColor;
				CODE_SIGN_ENTITLEMENTS = macOS/macOS.entitlements;
				CODE_SIGN_STYLE = Automatic;
				COMBINE_HIDPI_IMAGES = YES;
				CURRENT_PROJECT_VERSION = 1;
				DEVELOPMENT_TEAM = C48T274BQ3;
				ENABLE_HARDENED_RUNTIME = YES;
				ENABLE_PREVIEWS = YES;
				GENERATE_INFOPLIST_FILE = YES;
				INFOPLIST_KEY_NSHumanReadableCopyright = "";
				LD_RUNPATH_SEARCH_PATHS = (
					"$(inherited)",
					"@executable_path/../Frameworks",
				);
				MACOSX_DEPLOYMENT_TARGET = 12.0;
				MARKETING_VERSION = 1.0;
				PRODUCT_BUNDLE_IDENTIFIER = "cup.Cupcake-Corner";
				PRODUCT_NAME = "Cupcake Corner";
				SDKROOT = macosx;
				SWIFT_EMIT_LOC_STRINGS = YES;
				SWIFT_VERSION = 5.0;
			};
			name = Debug;
		};
		F880733B285222A8001614C7 /* Release */ = {
			isa = XCBuildConfiguration;
			buildSettings = {
				ASSETCATALOG_COMPILER_APPICON_NAME = AppIcon;
				ASSETCATALOG_COMPILER_GLOBAL_ACCENT_COLOR_NAME = AccentColor;
				CODE_SIGN_ENTITLEMENTS = macOS/macOS.entitlements;
				CODE_SIGN_STYLE = Automatic;
				COMBINE_HIDPI_IMAGES = YES;
				CURRENT_PROJECT_VERSION = 1;
				DEVELOPMENT_TEAM = C48T274BQ3;
				ENABLE_HARDENED_RUNTIME = YES;
				ENABLE_PREVIEWS = YES;
				GENERATE_INFOPLIST_FILE = YES;
				INFOPLIST_KEY_NSHumanReadableCopyright = "";
				LD_RUNPATH_SEARCH_PATHS = (
					"$(inherited)",
					"@executable_path/../Frameworks",
				);
				MACOSX_DEPLOYMENT_TARGET = 12.0;
				MARKETING_VERSION = 1.0;
				PRODUCT_BUNDLE_IDENTIFIER = "cup.Cupcake-Corner";
				PRODUCT_NAME = "Cupcake Corner";
				SDKROOT = macosx;
				SWIFT_EMIT_LOC_STRINGS = YES;
				SWIFT_VERSION = 5.0;
			};
			name = Release;
		};
		F880733D285222A8001614C7 /* Debug */ = {
			isa = XCBuildConfiguration;
			buildSettings = {
				ALWAYS_EMBED_SWIFT_STANDARD_LIBRARIES = YES;
				CODE_SIGN_STYLE = Automatic;
				CURRENT_PROJECT_VERSION = 1;
				DEVELOPMENT_TEAM = C48T274BQ3;
				GENERATE_INFOPLIST_FILE = YES;
				IPHONEOS_DEPLOYMENT_TARGET = 15.4;
				MARKETING_VERSION = 1.0;
				PRODUCT_BUNDLE_IDENTIFIER = "cup.Tests-iOS";
				PRODUCT_NAME = "$(TARGET_NAME)";
				SDKROOT = iphoneos;
				SWIFT_EMIT_LOC_STRINGS = NO;
				SWIFT_VERSION = 5.0;
				TARGETED_DEVICE_FAMILY = "1,2";
				TEST_TARGET_NAME = "Cupcake Corner (iOS)";
			};
			name = Debug;
		};
		F880733E285222A8001614C7 /* Release */ = {
			isa = XCBuildConfiguration;
			buildSettings = {
				ALWAYS_EMBED_SWIFT_STANDARD_LIBRARIES = YES;
				CODE_SIGN_STYLE = Automatic;
				CURRENT_PROJECT_VERSION = 1;
				DEVELOPMENT_TEAM = C48T274BQ3;
				GENERATE_INFOPLIST_FILE = YES;
				IPHONEOS_DEPLOYMENT_TARGET = 15.4;
				MARKETING_VERSION = 1.0;
				PRODUCT_BUNDLE_IDENTIFIER = "cup.Tests-iOS";
				PRODUCT_NAME = "$(TARGET_NAME)";
				SDKROOT = iphoneos;
				SWIFT_EMIT_LOC_STRINGS = NO;
				SWIFT_VERSION = 5.0;
				TARGETED_DEVICE_FAMILY = "1,2";
				TEST_TARGET_NAME = "Cupcake Corner (iOS)";
				VALIDATE_PRODUCT = YES;
			};
			name = Release;
		};
		F8807340285222A8001614C7 /* Debug */ = {
			isa = XCBuildConfiguration;
			buildSettings = {
				ALWAYS_EMBED_SWIFT_STANDARD_LIBRARIES = YES;
				CODE_SIGN_STYLE = Automatic;
				CURRENT_PROJECT_VERSION = 1;
				DEVELOPMENT_TEAM = C48T274BQ3;
				GENERATE_INFOPLIST_FILE = YES;
				MACOSX_DEPLOYMENT_TARGET = 12.0;
				MARKETING_VERSION = 1.0;
				PRODUCT_BUNDLE_IDENTIFIER = "cup.Tests-macOS";
				PRODUCT_NAME = "$(TARGET_NAME)";
				SDKROOT = macosx;
				SWIFT_EMIT_LOC_STRINGS = NO;
				SWIFT_VERSION = 5.0;
				TEST_TARGET_NAME = "Cupcake Corner (macOS)";
			};
			name = Debug;
		};
		F8807341285222A8001614C7 /* Release */ = {
			isa = XCBuildConfiguration;
			buildSettings = {
				ALWAYS_EMBED_SWIFT_STANDARD_LIBRARIES = YES;
				CODE_SIGN_STYLE = Automatic;
				CURRENT_PROJECT_VERSION = 1;
				DEVELOPMENT_TEAM = C48T274BQ3;
				GENERATE_INFOPLIST_FILE = YES;
				MACOSX_DEPLOYMENT_TARGET = 12.0;
				MARKETING_VERSION = 1.0;
				PRODUCT_BUNDLE_IDENTIFIER = "cup.Tests-macOS";
				PRODUCT_NAME = "$(TARGET_NAME)";
				SDKROOT = macosx;
				SWIFT_EMIT_LOC_STRINGS = NO;
				SWIFT_VERSION = 5.0;
				TEST_TARGET_NAME = "Cupcake Corner (macOS)";
			};
			name = Release;
		};
/* End XCBuildConfiguration section */

/* Begin XCConfigurationList section */
		F8807304285222A5001614C7 /* Build configuration list for PBXProject "Cupcake Corner" */ = {
			isa = XCConfigurationList;
			buildConfigurations = (
				F8807334285222A8001614C7 /* Debug */,
				F8807335285222A8001614C7 /* Release */,
			);
			defaultConfigurationIsVisible = 0;
			defaultConfigurationName = Release;
		};
		F8807336285222A8001614C7 /* Build configuration list for PBXNativeTarget "Cupcake Corner (iOS)" */ = {
			isa = XCConfigurationList;
			buildConfigurations = (
				F8807337285222A8001614C7 /* Debug */,
				F8807338285222A8001614C7 /* Release */,
			);
			defaultConfigurationIsVisible = 0;
			defaultConfigurationName = Release;
		};
		F8807339285222A8001614C7 /* Build configuration list for PBXNativeTarget "Cupcake Corner (macOS)" */ = {
			isa = XCConfigurationList;
			buildConfigurations = (
				F880733A285222A8001614C7 /* Debug */,
				F880733B285222A8001614C7 /* Release */,
			);
			defaultConfigurationIsVisible = 0;
			defaultConfigurationName = Release;
		};
		F880733C285222A8001614C7 /* Build configuration list for PBXNativeTarget "Tests iOS" */ = {
			isa = XCConfigurationList;
			buildConfigurations = (
				F880733D285222A8001614C7 /* Debug */,
				F880733E285222A8001614C7 /* Release */,
			);
			defaultConfigurationIsVisible = 0;
			defaultConfigurationName = Release;
		};
		F880733F285222A8001614C7 /* Build configuration list for PBXNativeTarget "Tests macOS" */ = {
			isa = XCConfigurationList;
			buildConfigurations = (
				F8807340285222A8001614C7 /* Debug */,
				F8807341285222A8001614C7 /* Release */,
			);
			defaultConfigurationIsVisible = 0;
			defaultConfigurationName = Release;
		};
/* End XCConfigurationList section */
	};
	rootObject = F8807301285222A5001614C7 /* Project object */;
}
